// !$*UTF8*$!
{
	archiveVersion = 1;
	classes = {
	};
	objectVersion = 46;
	objects = {

/* Begin PBXBuildFile section */
		02D68F8D1BE06DE400C3961A /* AppDelegate.swift in Sources */ = {isa = PBXBuildFile; fileRef = 02D68F8C1BE06DE400C3961A /* AppDelegate.swift */; };
		02D68F8F1BE06DE400C3961A /* ViewController.swift in Sources */ = {isa = PBXBuildFile; fileRef = 02D68F8E1BE06DE400C3961A /* ViewController.swift */; };
		02D68F921BE06DE400C3961A /* Main.storyboard in Resources */ = {isa = PBXBuildFile; fileRef = 02D68F901BE06DE400C3961A /* Main.storyboard */; };
		02D68F951BE06DE400C3961A /* CoreDataSample.xcdatamodeld in Sources */ = {isa = PBXBuildFile; fileRef = 02D68F931BE06DE400C3961A /* CoreDataSample.xcdatamodeld */; };
		02D68F971BE06DE400C3961A /* Assets.xcassets in Resources */ = {isa = PBXBuildFile; fileRef = 02D68F961BE06DE400C3961A /* Assets.xcassets */; };
		02D68F9A1BE06DE400C3961A /* LaunchScreen.storyboard in Resources */ = {isa = PBXBuildFile; fileRef = 02D68F981BE06DE400C3961A /* LaunchScreen.storyboard */; };
		02D68FA21BE0785500C3961A /* Person.swift in Sources */ = {isa = PBXBuildFile; fileRef = 02D68FA11BE0785500C3961A /* Person.swift */; };
/* End PBXBuildFile section */

/* Begin PBXFileReference section */
		02D68F891BE06DE400C3961A /* CoreDataSample.app */ = {isa = PBXFileReference; explicitFileType = wrapper.application; includeInIndex = 0; path = CoreDataSample.app; sourceTree = BUILT_PRODUCTS_DIR; };
		02D68F8C1BE06DE400C3961A /* AppDelegate.swift */ = {isa = PBXFileReference; lastKnownFileType = sourcecode.swift; path = AppDelegate.swift; sourceTree = "<group>"; };
		02D68F8E1BE06DE400C3961A /* ViewController.swift */ = {isa = PBXFileReference; lastKnownFileType = sourcecode.swift; path = ViewController.swift; sourceTree = "<group>"; };
		02D68F911BE06DE400C3961A /* Base */ = {isa = PBXFileReference; lastKnownFileType = file.storyboard; name = Base; path = Base.lproj/Main.storyboard; sourceTree = "<group>"; };
		02D68F941BE06DE400C3961A /* CoreDataSample.xcdatamodel */ = {isa = PBXFileReference; lastKnownFileType = wrapper.xcdatamodel; path = CoreDataSample.xcdatamodel; sourceTree = "<group>"; };
		02D68F961BE06DE400C3961A /* Assets.xcassets */ = {isa = PBXFileReference; lastKnownFileType = folder.assetcatalog; path = Assets.xcassets; sourceTree = "<group>"; };
		02D68F991BE06DE400C3961A /* Base */ = {isa = PBXFileReference; lastKnownFileType = file.storyboard; name = Base; path = Base.lproj/LaunchScreen.storyboard; sourceTree = "<group>"; };
		02D68F9B1BE06DE400C3961A /* Info.plist */ = {isa = PBXFileReference; lastKnownFileType = text.plist.xml; path = Info.plist; sourceTree = "<group>"; };
		02D68FA11BE0785500C3961A /* Person.swift */ = {isa = PBXFileReference; fileEncoding = 4; lastKnownFileType = sourcecode.swift; path = Person.swift; sourceTree = "<group>"; };
/* End PBXFileReference section */

/* Begin PBXFrameworksBuildPhase section */
		02D68F861BE06DE400C3961A /* Frameworks */ = {
			isa = PBXFrameworksBuildPhase;
			buildActionMask = 2147483647;
			files = (
			);
			runOnlyForDeploymentPostprocessing = 0;
		};
/* End PBXFrameworksBuildPhase section */

/* Begin PBXGroup section */
		02D68F801BE06DE400C3961A = {
			isa = PBXGroup;
			children = (
				02D68F8B1BE06DE400C3961A /* CoreDataSample */,
				02D68F8A1BE06DE400C3961A /* Products */,
			);
			sourceTree = "<group>";
		};
		02D68F8A1BE06DE400C3961A /* Products */ = {
			isa = PBXGroup;
			children = (
				02D68F891BE06DE400C3961A /* CoreDataSample.app */,
			);
			name = Products;
			sourceTree = "<group>";
		};
		02D68F8B1BE06DE400C3961A /* CoreDataSample */ = {
			isa = PBXGroup;
			children = (
				02D68F8C1BE06DE400C3961A /* AppDelegate.swift */,
				02D68F8E1BE06DE400C3961A /* ViewController.swift */,
				02D68F901BE06DE400C3961A /* Main.storyboard */,
				02D68F961BE06DE400C3961A /* Assets.xcassets */,
				02D68F981BE06DE400C3961A /* LaunchScreen.storyboard */,
				02D68F9B1BE06DE400C3961A /* Info.plist */,
				02D68F931BE06DE400C3961A /* CoreDataSample.xcdatamodeld */,
				02D68FA11BE0785500C3961A /* Person.swift */,
			);
			path = CoreDataSample;
			sourceTree = "<group>";
		};
/* End PBXGroup section */

/* Begin PBXNativeTarget section */
		02D68F881BE06DE400C3961A /* CoreDataSample */ = {
			isa = PBXNativeTarget;
			buildConfigurationList = 02D68F9E1BE06DE400C3961A /* Build configuration list for PBXNativeTarget "CoreDataSample" */;
			buildPhases = (
				02D68F851BE06DE400C3961A /* Sources */,
				02D68F861BE06DE400C3961A /* Frameworks */,
				02D68F871BE06DE400C3961A /* Resources */,
			);
			buildRules = (
			);
			dependencies = (
			);
			name = CoreDataSample;
			productName = CoreDataSample;
			productReference = 02D68F891BE06DE400C3961A /* CoreDataSample.app */;
			productType = "com.apple.product-type.application";
		};
/* End PBXNativeTarget section */

/* Begin PBXProject section */
		02D68F811BE06DE400C3961A /* Project object */ = {
			isa = PBXProject;
			attributes = {
				LastSwiftUpdateCheck = 0710;
				LastUpgradeCheck = 0710;
				ORGANIZATIONNAME = "Mark Sherriff";
				TargetAttributes = {
					02D68F881BE06DE400C3961A = {
						CreatedOnToolsVersion = 7.1;
					};
				};
			};
			buildConfigurationList = 02D68F841BE06DE400C3961A /* Build configuration list for PBXProject "CoreDataSample" */;
			compatibilityVersion = "Xcode 3.2";
			developmentRegion = English;
			hasScannedForEncodings = 0;
			knownRegions = (
				en,
				Base,
			);
			mainGroup = 02D68F801BE06DE400C3961A;
			productRefGroup = 02D68F8A1BE06DE400C3961A /* Products */;
			projectDirPath = "";
			projectRoot = "";
			targets = (
				02D68F881BE06DE400C3961A /* CoreDataSample */,
			);
		};
/* End PBXProject section */

/* Begin PBXResourcesBuildPhase section */
		02D68F871BE06DE400C3961A /* Resources */ = {
			isa = PBXResourcesBuildPhase;
			buildActionMask = 2147483647;
			files = (
				02D68F9A1BE06DE400C3961A /* LaunchScreen.storyboard in Resources */,
				02D68F971BE06DE400C3961A /* Assets.xcassets in Resources */,
				02D68F921BE06DE400C3961A /* Main.storyboard in Resources */,
			);
			runOnlyForDeploymentPostprocessing = 0;
		};
/* End PBXResourcesBuildPhase section */

/* Begin PBXSourcesBuildPhase section */
		02D68F851BE06DE400C3961A /* Sources */ = {
			isa = PBXSourcesBuildPhase;
			buildActionMask = 2147483647;
			files = (
				02D68F8F1BE06DE400C3961A /* ViewController.swift in Sources */,
				02D68F951BE06DE400C3961A /* CoreDataSample.xcdatamodeld in Sources */,
				02D68FA21BE0785500C3961A /* Person.swift in Sources */,
				02D68F8D1BE06DE400C3961A /* AppDelegate.swift in Sources */,
			);
			runOnlyForDeploymentPostprocessing = 0;
		};
/* End PBXSourcesBuildPhase section */

/* Begin PBXVariantGroup section */
		02D68F901BE06DE400C3961A /* Main.storyboard */ = {
			isa = PBXVariantGroup;
			children = (
				02D68F911BE06DE400C3961A /* Base */,
			);
			name = Main.storyboard;
			sourceTree = "<group>";
		};
		02D68F981BE06DE400C3961A /* LaunchScreen.storyboard */ = {
			isa = PBXVariantGroup;
			children = (
				02D68F991BE06DE400C3961A /* Base */,
			);
			name = LaunchScreen.storyboard;
			sourceTree = "<group>";
		};
/* End PBXVariantGroup section */

/* Begin XCBuildConfiguration section */
		02D68F9C1BE06DE400C3961A /* Debug */ = {
			isa = XCBuildConfiguration;
			buildSettings = {
				ALWAYS_SEARCH_USER_PATHS = NO;
				CLANG_CXX_LANGUAGE_STANDARD = "gnu++0x";
				CLANG_CXX_LIBRARY = "libc++";
				CLANG_ENABLE_MODULES = YES;
				CLANG_ENABLE_OBJC_ARC = YES;
				CLANG_WARN_BOOL_CONVERSION = YES;
				CLANG_WARN_CONSTANT_CONVERSION = YES;
				CLANG_WARN_DIRECT_OBJC_ISA_USAGE = YES_ERROR;
				CLANG_WARN_EMPTY_BODY = YES;
				CLANG_WARN_ENUM_CONVERSION = YES;
				CLANG_WARN_INT_CONVERSION = YES;
				CLANG_WARN_OBJC_ROOT_CLASS = YES_ERROR;
				CLANG_WARN_UNREACHABLE_CODE = YES;
				CLANG_WARN__DUPLICATE_METHOD_MATCH = YES;
				"CODE_SIGN_IDENTITY[sdk=iphoneos*]" = "iPhone Developer";
				COPY_PHASE_STRIP = NO;
				DEBUG_INFORMATION_FORMAT = dwarf;
				ENABLE_STRICT_OBJC_MSGSEND = YES;
				ENABLE_TESTABILITY = YES;
				GCC_C_LANGUAGE_STANDARD = gnu99;
				GCC_DYNAMIC_NO_PIC = NO;
				GCC_NO_COMMON_BLOCKS = YES;
				GCC_OPTIMIZATION_LEVEL = 0;
				GCC_PREPROCESSOR_DEFINITIONS = (
					"DEBUG=1",
					"$(inherited)",
				);
				GCC_WARN_64_TO_32_BIT_CONVERSION = YES;
				GCC_WARN_ABOUT_RETURN_TYPE = YES_ERROR;
				GCC_WARN_UNDECLARED_SELECTOR = YES;
				GCC_WARN_UNINITIALIZED_AUTOS = YES_AGGRESSIVE;
				GCC_WARN_UNUSED_FUNCTION = YES;
				GCC_WARN_UNUSED_VARIABLE = YES;
				IPHONEOS_DEPLOYMENT_TARGET = 9.1;
				MTL_ENABLE_DEBUG_INFO = YES;
				ONLY_ACTIVE_ARCH = YES;
				SDKROOT = iphoneos;
				SWIFT_OPTIMIZATION_LEVEL = "-Onone";
				TARGETED_DEVICE_FAMILY = "1,2";
			};
			name = Debug;
		};
		02D68F9D1BE06DE400C3961A /* Release */ = {
			isa = XCBuildConfiguration;
			buildSettings = {
				ALWAYS_SEARCH_USER_PATHS = NO;
				CLANG_CXX_LANGUAGE_STANDARD = "gnu++0x";
				CLANG_CXX_LIBRARY = "libc++";
				CLANG_ENABLE_MODULES = YES;
				CLANG_ENABLE_OBJC_ARC = YES;
				CLANG_WARN_BOOL_CONVERSION = YES;
				CLANG_WARN_CONSTANT_CONVERSION = YES;
				CLANG_WARN_DIRECT_OBJC_ISA_USAGE = YES_ERROR;
				CLANG_WARN_EMPTY_BODY = YES;
				CLANG_WARN_ENUM_CONVERSION = YES;
				CLANG_WARN_INT_CONVERSION = YES;
				CLANG_WARN_OBJC_ROOT_CLASS = YES_ERROR;
				CLANG_WARN_UNREACHABLE_CODE = YES;
				CLANG_WARN__DUPLICATE_METHOD_MATCH = YES;
				"CODE_SIGN_IDENTITY[sdk=iphoneos*]" = "iPhone Developer";
				COPY_PHASE_STRIP = NO;
				DEBUG_INFORMATION_FORMAT = "dwarf-with-dsym";
				ENABLE_NS_ASSERTIONS = NO;
				ENABLE_STRICT_OBJC_MSGSEND = YES;
				GCC_C_LANGUAGE_STANDARD = gnu99;
				GCC_NO_COMMON_BLOCKS = YES;
				GCC_WARN_64_TO_32_BIT_CONVERSION = YES;
				GCC_WARN_ABOUT_RETURN_TYPE = YES_ERROR;
				GCC_WARN_UNDECLARED_SELECTOR = YES;
				GCC_WARN_UNINITIALIZED_AUTOS = YES_AGGRESSIVE;
				GCC_WARN_UNUSED_FUNCTION = YES;
				GCC_WARN_UNUSED_VARIABLE = YES;
				IPHONEOS_DEPLOYMENT_TARGET = 9.1;
				MTL_ENABLE_DEBUG_INFO = NO;
				SDKROOT = iphoneos;
				TARGETED_DEVICE_FAMILY = "1,2";
				VALIDATE_PRODUCT = YES;
			};
			name = Release;
		};
		02D68F9F1BE06DE400C3961A /* Debug */ = {
			isa = XCBuildConfiguration;
			buildSettings = {
				ASSETCATALOG_COMPILER_APPICON_NAME = AppIcon;
				INFOPLIST_FILE = CoreDataSample/Info.plist;
				LD_RUNPATH_SEARCH_PATHS = "$(inherited) @executable_path/Frameworks";
				PRODUCT_BUNDLE_IDENTIFIER = edu.virginia.cs.cs4720.CoreDataSample;
				PRODUCT_NAME = "$(TARGET_NAME)";
			};
			name = Debug;
		};
		02D68FA01BE06DE400C3961A /* Release */ = {
			isa = XCBuildConfiguration;
			buildSettings = {
				ASSETCATALOG_COMPILER_APPICON_NAME = AppIcon;
				INFOPLIST_FILE = CoreDataSample/Info.plist;
				LD_RUNPATH_SEARCH_PATHS = "$(inherited) @executable_path/Frameworks";
				PRODUCT_BUNDLE_IDENTIFIER = edu.virginia.cs.cs4720.CoreDataSample;
				PRODUCT_NAME = "$(TARGET_NAME)";
			};
			name = Release;
		};
/* End XCBuildConfiguration section */

/* Begin XCConfigurationList section */
		02D68F841BE06DE400C3961A /* Build configuration list for PBXProject "CoreDataSample" */ = {
			isa = XCConfigurationList;
			buildConfigurations = (
				02D68F9C1BE06DE400C3961A /* Debug */,
				02D68F9D1BE06DE400C3961A /* Release */,
			);
			defaultConfigurationIsVisible = 0;
			defaultConfigurationName = Release;
		};
		02D68F9E1BE06DE400C3961A /* Build configuration list for PBXNativeTarget "CoreDataSample" */ = {
			isa = XCConfigurationList;
			buildConfigurations = (
				02D68F9F1BE06DE400C3961A /* Debug */,
				02D68FA01BE06DE400C3961A /* Release */,
			);
			defaultConfigurationIsVisible = 0;
		};
/* End XCConfigurationList section */

/* Begin XCVersionGroup section */
		02D68F931BE06DE400C3961A /* CoreDataSample.xcdatamodeld */ = {
			isa = XCVersionGroup;
			children = (
				02D68F941BE06DE400C3961A /* CoreDataSample.xcdatamodel */,
			);
			currentVersion = 02D68F941BE06DE400C3961A /* CoreDataSample.xcdatamodel */;
			path = CoreDataSample.xcdatamodeld;
			sourceTree = "<group>";
			versionGroupType = wrapper.xcdatamodel;
		};
/* End XCVersionGroup section */
	};
	rootObject = 02D68F811BE06DE400C3961A /* Project object */;
}
